{
  "requires": true,
  "lockfileVersion": 1,
  "dependencies": {
    "mta-wechat-analysis": {
      "version": "1.3.7",
      "resolved": "https://registry.npmjs.org/mta-wechat-analysis/-/mta-wechat-analysis-1.3.7.tgz",
      "integrity": "sha512-eM5G3Q60ovadXEkxVxw6o8JYekq/F6y7clZCeqmnOErJU6IlevEzl2BdbOy+yy2j6hQL0A45cpr4bNztuUUm4w=="
    }
  }
}
